
Microsoft Visual Studio Solution File, Format Version 12.00
# Visual Studio Version 17
VisualStudioVersion = 17.8.34322.80
MinimumVisualStudioVersion = 10.0.40219.1
Project("{FAE04EC0-301F-11D3-BF4B-00C04F79EFBC}") = "ResolutionExercise", "ResolutionExercise\ResolutionExercise.csproj", "{5F17715A-EEC1-4606-BC87-112E13E5ABD9}"
EndProject
Project("{2150E333-8FDC-42A3-9474-1A3956D46DE8}") = "Solution Items", "Solution Items", "{BB102907-1B76-4D46-B4FD-12CF90D11751}"
	ProjectSection(SolutionItems) = preProject
		.editorconfig = .editorconfig
	EndProjectSection
EndProject
Global
	GlobalSection(SolutionConfigurationPlatforms) = preSolution
		Debug|Any CPU = Debug|Any CPU
		Release|Any CPU = Release|Any CPU
	EndGlobalSection
	GlobalSection(ProjectConfigurationPlatforms) = postSolution
		{5F17715A-EEC1-4606-BC87-112E13E5ABD9}.Debug|Any CPU.ActiveCfg = Debug|Any CPU
		{5F17715A-EEC1-4606-BC87-112E13E5ABD9}.Debug|Any CPU.Build.0 = Debug|Any CPU
		{5F17715A-EEC1-4606-BC87-112E13E5ABD9}.Release|Any CPU.ActiveCfg = Release|Any CPU
		{5F17715A-EEC1-4606-BC87-112E13E5ABD9}.Release|Any CPU.Build.0 = Release|Any CPU
	EndGlobalSection
	GlobalSection(SolutionProperties) = preSolution
		HideSolutionNode = FALSE
	EndGlobalSection
	GlobalSection(ExtensibilityGlobals) = postSolution
		SolutionGuid = {D6267E3C-E23D-4113-BF49-7A71CD8AE41C}
	EndGlobalSection
EndGlobal
